
Microsoft Visual Studio Solution File, Format Version 12.00
# Visual Studio Version 17
VisualStudioVersion = 17.7.34221.43
MinimumVisualStudioVersion = 10.0.40219.1
Project("{FAE04EC0-301F-11D3-BF4B-00C04F79EFBC}") = "01.ReverseStrings", "01.ReverseStrings\01.ReverseStrings.csproj", "{2ECA7FC3-3481-43A7-9724-F56CE4075BE5}"
EndProject
Project("{FAE04EC0-301F-11D3-BF4B-00C04F79EFBC}") = "02.RepeatStrings", "02.RepeatStrings\02.RepeatStrings.csproj", "{69653F92-1600-4DA9-92C2-A2777AAED59B}"
EndProject
Project("{FAE04EC0-301F-11D3-BF4B-00C04F79EFBC}") = "03.Substring", "03.Substring\03.Substring.csproj", "{8AB6C37D-ADBB-4101-9176-E54CBF4765DF}"
EndProject
Project("{FAE04EC0-301F-11D3-BF4B-00C04F79EFBC}") = "04.TextFilter", "04.TextFilter\04.TextFilter.csproj", "{F5853FFA-9E53-4B1E-AFB1-1A7F2628F0B2}"
EndProject
Project("{FAE04EC0-301F-11D3-BF4B-00C04F79EFBC}") = "05.DigitsLettersOther", "05.DigitsLettersOther\05.DigitsLettersOther.csproj", "{FD59A94E-E3F6-4306-8B77-13F1E669D945}"
EndProject
Global
	GlobalSection(SolutionConfigurationPlatforms) = preSolution
		Debug|Any CPU = Debug|Any CPU
		Release|Any CPU = Release|Any CPU
	EndGlobalSection
	GlobalSection(ProjectConfigurationPlatforms) = postSolution
		{2ECA7FC3-3481-43A7-9724-F56CE4075BE5}.Debug|Any CPU.ActiveCfg = Debug|Any CPU
		{2ECA7FC3-3481-43A7-9724-F56CE4075BE5}.Debug|Any CPU.Build.0 = Debug|Any CPU
		{2ECA7FC3-3481-43A7-9724-F56CE4075BE5}.Release|Any CPU.ActiveCfg = Release|Any CPU
		{2ECA7FC3-3481-43A7-9724-F56CE4075BE5}.Release|Any CPU.Build.0 = Release|Any CPU
		{69653F92-1600-4DA9-92C2-A2777AAED59B}.Debug|Any CPU.ActiveCfg = Debug|Any CPU
		{69653F92-1600-4DA9-92C2-A2777AAED59B}.Debug|Any CPU.Build.0 = Debug|Any CPU
		{69653F92-1600-4DA9-92C2-A2777AAED59B}.Release|Any CPU.ActiveCfg = Release|Any CPU
		{69653F92-1600-4DA9-92C2-A2777AAED59B}.Release|Any CPU.Build.0 = Release|Any CPU
		{8AB6C37D-ADBB-4101-9176-E54CBF4765DF}.Debug|Any CPU.ActiveCfg = Debug|Any CPU
		{8AB6C37D-ADBB-4101-9176-E54CBF4765DF}.Debug|Any CPU.Build.0 = Debug|Any CPU
		{8AB6C37D-ADBB-4101-9176-E54CBF4765DF}.Release|Any CPU.ActiveCfg = Release|Any CPU
		{8AB6C37D-ADBB-4101-9176-E54CBF4765DF}.Release|Any CPU.Build.0 = Release|Any CPU
		{F5853FFA-9E53-4B1E-AFB1-1A7F2628F0B2}.Debug|Any CPU.ActiveCfg = Debug|Any CPU
		{F5853FFA-9E53-4B1E-AFB1-1A7F2628F0B2}.Debug|Any CPU.Build.0 = Debug|Any CPU
		{F5853FFA-9E53-4B1E-AFB1-1A7F2628F0B2}.Release|Any CPU.ActiveCfg = Release|Any CPU
		{F5853FFA-9E53-4B1E-AFB1-1A7F2628F0B2}.Release|Any CPU.Build.0 = Release|Any CPU
		{FD59A94E-E3F6-4306-8B77-13F1E669D945}.Debug|Any CPU.ActiveCfg = Debug|Any CPU
		{FD59A94E-E3F6-4306-8B77-13F1E669D945}.Debug|Any CPU.Build.0 = Debug|Any CPU
		{FD59A94E-E3F6-4306-8B77-13F1E669D945}.Release|Any CPU.ActiveCfg = Release|Any CPU
		{FD59A94E-E3F6-4306-8B77-13F1E669D945}.Release|Any CPU.Build.0 = Release|Any CPU
	EndGlobalSection
	GlobalSection(SolutionProperties) = preSolution
		HideSolutionNode = FALSE
	EndGlobalSection
	GlobalSection(ExtensibilityGlobals) = postSolution
		SolutionGuid = {1F5C6DA5-0A37-4E5A-A937-44B5A7CBA63B}
	EndGlobalSection
EndGlobal
